Microsoft Visual Studio Solution File, Format Version 12.00
# Visual Studio Version 17
VisualStudioVersion = 17.5.2.0
MinimumVisualStudioVersion = 10.0.40219.1
Project("{FAE04EC0-301F-11D3-BF4B-00C04F79EFBC}") = "ParqueAventuras", "ParqueAventuras\ParqueAventuras.csproj", "{7B2E65B2-9D92-FA34-BBFF-5D10980C8941}"
EndProject
Global
	GlobalSection(SolutionConfigurationPlatforms) = preSolution
		Debug|Any CPU = Debug|Any CPU
		Release|Any CPU = Release|Any CPU
	EndGlobalSection
	GlobalSection(ProjectConfigurationPlatforms) = postSolution
		{7B2E65B2-9D92-FA34-BBFF-5D10980C8941}.Debug|Any CPU.ActiveCfg = Debug|Any CPU
		{7B2E65B2-9D92-FA34-BBFF-5D10980C8941}.Debug|Any CPU.Build.0 = Debug|Any CPU
		{7B2E65B2-9D92-FA34-BBFF-5D10980C8941}.Release|Any CPU.ActiveCfg = Release|Any CPU
		{7B2E65B2-9D92-FA34-BBFF-5D10980C8941}.Release|Any CPU.Build.0 = Release|Any CPU
	EndGlobalSection
	GlobalSection(SolutionProperties) = preSolution
		HideSolutionNode = FALSE
	EndGlobalSection
	GlobalSection(ExtensibilityGlobals) = postSolution
		SolutionGuid = {C0532D49-9EC8-41FB-AC7B-356E0D5D774F}
	EndGlobalSection
EndGlobal
